
Microsoft Visual Studio Solution File, Format Version 12.00
# Visual Studio Version 17
VisualStudioVersion = 17.4.33213.308
MinimumVisualStudioVersion = 10.0.40219.1
Project("{9A19103F-16F7-4668-BE54-9A1E7A4F7556}") = "ExepnseTrackerAPI", "ExepnseTrackerAPI\ExepnseTrackerAPI.csproj", "{69976C9F-5F41-4085-8089-B41A82418D4B}"
EndProject
Global
	GlobalSection(SolutionConfigurationPlatforms) = preSolution
		Debug|Any CPU = Debug|Any CPU
		Release|Any CPU = Release|Any CPU
	EndGlobalSection
	GlobalSection(ProjectConfigurationPlatforms) = postSolution
		{69976C9F-5F41-4085-8089-B41A82418D4B}.Debug|Any CPU.ActiveCfg = Debug|Any CPU
		{69976C9F-5F41-4085-8089-B41A82418D4B}.Debug|Any CPU.Build.0 = Debug|Any CPU
		{69976C9F-5F41-4085-8089-B41A82418D4B}.Release|Any CPU.ActiveCfg = Release|Any CPU
		{69976C9F-5F41-4085-8089-B41A82418D4B}.Release|Any CPU.Build.0 = Release|Any CPU
	EndGlobalSection
	GlobalSection(SolutionProperties) = preSolution
		HideSolutionNode = FALSE
	EndGlobalSection
	GlobalSection(ExtensibilityGlobals) = postSolution
		SolutionGuid = {9536F50B-C86A-4865-8030-EFFE20D4262A}
	EndGlobalSection
EndGlobal
